
Microsoft Visual Studio Solution File, Format Version 12.00
# Visual Studio Version 17
VisualStudioVersion = 17.2.32505.173
MinimumVisualStudioVersion = 10.0.40219.1
Project("{FAE04EC0-301F-11D3-BF4B-00C04F79EFBC}") = "hooks", "hooks.csproj", "{5139E69B-60C2-4F76-88F9-364E8B1CCEE2}"
EndProject
Project("{FAE04EC0-301F-11D3-BF4B-00C04F79EFBC}") = "Core", "..\Core\Core.csproj", "{B0AD195B-B60A-4083-9D62-6907381DDCB9}"
EndProject
Project("{FAE04EC0-301F-11D3-BF4B-00C04F79EFBC}") = "WindowsHelpers", "..\WindowsHelpers\WindowsHelpers.csproj", "{4CA8920A-B2C1-4726-9155-49F6FAE3DD5C}"
EndProject
Global
	GlobalSection(SolutionConfigurationPlatforms) = preSolution
		Debug|Any CPU = Debug|Any CPU
		Release|Any CPU = Release|Any CPU
	EndGlobalSection
	GlobalSection(ProjectConfigurationPlatforms) = postSolution
		{5139E69B-60C2-4F76-88F9-364E8B1CCEE2}.Debug|Any CPU.ActiveCfg = Debug|Any CPU
		{5139E69B-60C2-4F76-88F9-364E8B1CCEE2}.Debug|Any CPU.Build.0 = Debug|Any CPU
		{5139E69B-60C2-4F76-88F9-364E8B1CCEE2}.Release|Any CPU.ActiveCfg = Release|Any CPU
		{5139E69B-60C2-4F76-88F9-364E8B1CCEE2}.Release|Any CPU.Build.0 = Release|Any CPU
		{B0AD195B-B60A-4083-9D62-6907381DDCB9}.Debug|Any CPU.ActiveCfg = Debug|Any CPU
		{B0AD195B-B60A-4083-9D62-6907381DDCB9}.Debug|Any CPU.Build.0 = Debug|Any CPU
		{B0AD195B-B60A-4083-9D62-6907381DDCB9}.Release|Any CPU.ActiveCfg = Release|Any CPU
		{B0AD195B-B60A-4083-9D62-6907381DDCB9}.Release|Any CPU.Build.0 = Release|Any CPU
		{4CA8920A-B2C1-4726-9155-49F6FAE3DD5C}.Debug|Any CPU.ActiveCfg = Debug|Any CPU
		{4CA8920A-B2C1-4726-9155-49F6FAE3DD5C}.Debug|Any CPU.Build.0 = Debug|Any CPU
		{4CA8920A-B2C1-4726-9155-49F6FAE3DD5C}.Release|Any CPU.ActiveCfg = Release|Any CPU
		{4CA8920A-B2C1-4726-9155-49F6FAE3DD5C}.Release|Any CPU.Build.0 = Release|Any CPU
	EndGlobalSection
	GlobalSection(SolutionProperties) = preSolution
		HideSolutionNode = FALSE
	EndGlobalSection
	GlobalSection(ExtensibilityGlobals) = postSolution
		SolutionGuid = {ECCA816C-C8AB-4B25-97FF-220C9D4140AE}
	EndGlobalSection
EndGlobal
